// !$*UTF8*$!
{
	archiveVersion = 1;
	classes = {
	};
	objectVersion = 46;
	objects = {

/* Begin PBXBuildFile section */
		0A0287A0195D48D000F24C88 /* Foundation.framework in Frameworks */ = {isa = PBXBuildFile; fileRef = 0A02879F195D48CF00F24C88 /* Foundation.framework */; };
		0A0287A2195D48D000F24C88 /* CoreGraphics.framework in Frameworks */ = {isa = PBXBuildFile; fileRef = 0A0287A1195D48D000F24C88 /* CoreGraphics.framework */; };
		0A0287A4195D48D000F24C88 /* UIKit.framework in Frameworks */ = {isa = PBXBuildFile; fileRef = 0A0287A3195D48D000F24C88 /* UIKit.framework */; };
		0A0287AA195D48D000F24C88 /* InfoPlist.strings in Resources */ = {isa = PBXBuildFile; fileRef = 0A0287A8195D48D000F24C88 /* InfoPlist.strings */; };
		0A0287AC195D48D000F24C88 /* main.m in Sources */ = {isa = PBXBuildFile; fileRef = 0A0287AB195D48D000F24C88 /* main.m */; };
		0A0287B0195D48D000F24C88 /* RSAppDelegate.m in Sources */ = {isa = PBXBuildFile; fileRef = 0A0287AF195D48D000F24C88 /* RSAppDelegate.m */; };
		0A0287B2195D48D000F24C88 /* Images.xcassets in Resources */ = {isa = PBXBuildFile; fileRef = 0A0287B1195D48D000F24C88 /* Images.xcassets */; };
		0A0287B9195D48D000F24C88 /* XCTest.framework in Frameworks */ = {isa = PBXBuildFile; fileRef = 0A0287B8195D48D000F24C88 /* XCTest.framework */; };
		0A0287BA195D48D000F24C88 /* Foundation.framework in Frameworks */ = {isa = PBXBuildFile; fileRef = 0A02879F195D48CF00F24C88 /* Foundation.framework */; };
		0A0287BB195D48D000F24C88 /* UIKit.framework in Frameworks */ = {isa = PBXBuildFile; fileRef = 0A0287A3195D48D000F24C88 /* UIKit.framework */; };
		0A0287C3195D48D000F24C88 /* InfoPlist.strings in Resources */ = {isa = PBXBuildFile; fileRef = 0A0287C1195D48D000F24C88 /* InfoPlist.strings */; };
		0A0287C5195D48D000F24C88 /* UltraLightTests.m in Sources */ = {isa = PBXBuildFile; fileRef = 0A0287C4195D48D000F24C88 /* UltraLightTests.m */; };
		0A0287E6195D498F00F24C88 /* RSContact.m in Sources */ = {isa = PBXBuildFile; fileRef = 0A0287DD195D498F00F24C88 /* RSContact.m */; };
		0A0287E7195D498F00F24C88 /* RSContactsViewController.m in Sources */ = {isa = PBXBuildFile; fileRef = 0A0287E0195D498F00F24C88 /* RSContactsViewController.m */; };
		0A0287E8195D498F00F24C88 /* RSContactsViewController.xib in Resources */ = {isa = PBXBuildFile; fileRef = 0A0287E1195D498F00F24C88 /* RSContactsViewController.xib */; };
		0A0287E9195D498F00F24C88 /* RSContactTableViewCell.m in Sources */ = {isa = PBXBuildFile; fileRef = 0A0287E4195D498F00F24C88 /* RSContactTableViewCell.m */; };
		0A0287EA195D498F00F24C88 /* RSContactTableViewCell.xib in Resources */ = {isa = PBXBuildFile; fileRef = 0A0287E5195D498F00F24C88 /* RSContactTableViewCell.xib */; };
		0A0287EF195D4C1E00F24C88 /* call_button.png in Resources */ = {isa = PBXBuildFile; fileRef = 0A0287ED195D4C1E00F24C88 /* call_button.png */; };
		0A0287F0195D4C1E00F24C88 /* call_button@2x.png in Resources */ = {isa = PBXBuildFile; fileRef = 0A0287EE195D4C1E00F24C88 /* call_button@2x.png */; };
		0A0287F4195D4F4600F24C88 /* RSArrayDataSource.m in Sources */ = {isa = PBXBuildFile; fileRef = 0A0287F3195D4F4600F24C88 /* RSArrayDataSource.m */; };
		0A0287F9195D6CD500F24C88 /* hair.jpg in Resources */ = {isa = PBXBuildFile; fileRef = 0A0287F5195D6CD500F24C88 /* hair.jpg */; };
		0A0287FA195D6CD500F24C88 /* hipster.jpg in Resources */ = {isa = PBXBuildFile; fileRef = 0A0287F6195D6CD500F24C88 /* hipster.jpg */; };
		0A0287FB195D6CD500F24C88 /* lego.jpg in Resources */ = {isa = PBXBuildFile; fileRef = 0A0287F7195D6CD500F24C88 /* lego.jpg */; };
		0A0287FC195D6CD500F24C88 /* ric.jpg in Resources */ = {isa = PBXBuildFile; fileRef = 0A0287F8195D6CD500F24C88 /* ric.jpg */; };
		0A0287FF195D6D1400F24C88 /* RSContactTableViewCell+Configure.m in Sources */ = {isa = PBXBuildFile; fileRef = 0A0287FE195D6D1400F24C88 /* RSContactTableViewCell+Configure.m */; };
		0A028802195D7EB300F24C88 /* profile_placeholder.png in Resources */ = {isa = PBXBuildFile; fileRef = 0A028800195D7EB300F24C88 /* profile_placeholder.png */; };
		0A028803195D7EB300F24C88 /* profile_placeholder@2x.png in Resources */ = {isa = PBXBuildFile; fileRef = 0A028801195D7EB300F24C88 /* profile_placeholder@2x.png */; };
		0A028806195D7F1000F24C88 /* RSBackendStore.m in Sources */ = {isa = PBXBuildFile; fileRef = 0A028805195D7F1000F24C88 /* RSBackendStore.m */; };
/* End PBXBuildFile section */

/* Begin PBXContainerItemProxy section */
		0A0287BC195D48D000F24C88 /* PBXContainerItemProxy */ = {
			isa = PBXContainerItemProxy;
			containerPortal = 0A028794195D48CF00F24C88 /* Project object */;
			proxyType = 1;
			remoteGlobalIDString = 0A02879B195D48CF00F24C88;
			remoteInfo = UltraLight;
		};
/* End PBXContainerItemProxy section */

/* Begin PBXFileReference section */
		0A02879C195D48CF00F24C88 /* UltraLight.app */ = {isa = PBXFileReference; explicitFileType = wrapper.application; includeInIndex = 0; path = UltraLight.app; sourceTree = BUILT_PRODUCTS_DIR; };
		0A02879F195D48CF00F24C88 /* Foundation.framework */ = {isa = PBXFileReference; lastKnownFileType = wrapper.framework; name = Foundation.framework; path = System/Library/Frameworks/Foundation.framework; sourceTree = SDKROOT; };
		0A0287A1195D48D000F24C88 /* CoreGraphics.framework */ = {isa = PBXFileReference; lastKnownFileType = wrapper.framework; name = CoreGraphics.framework; path = System/Library/Frameworks/CoreGraphics.framework; sourceTree = SDKROOT; };
		0A0287A3195D48D000F24C88 /* UIKit.framework */ = {isa = PBXFileReference; lastKnownFileType = wrapper.framework; name = UIKit.framework; path = System/Library/Frameworks/UIKit.framework; sourceTree = SDKROOT; };
		0A0287A7195D48D000F24C88 /* UltraLight-Info.plist */ = {isa = PBXFileReference; lastKnownFileType = text.plist.xml; path = "UltraLight-Info.plist"; sourceTree = "<group>"; };
		0A0287A9195D48D000F24C88 /* en */ = {isa = PBXFileReference; lastKnownFileType = text.plist.strings; name = en; path = en.lproj/InfoPlist.strings; sourceTree = "<group>"; };
		0A0287AB195D48D000F24C88 /* main.m */ = {isa = PBXFileReference; lastKnownFileType = sourcecode.c.objc; path = main.m; sourceTree = "<group>"; };
		0A0287AD195D48D000F24C88 /* UltraLight-Prefix.pch */ = {isa = PBXFileReference; lastKnownFileType = sourcecode.c.h; path = "UltraLight-Prefix.pch"; sourceTree = "<group>"; };
		0A0287AE195D48D000F24C88 /* RSAppDelegate.h */ = {isa = PBXFileReference; lastKnownFileType = sourcecode.c.h; path = RSAppDelegate.h; sourceTree = "<group>"; };
		0A0287AF195D48D000F24C88 /* RSAppDelegate.m */ = {isa = PBXFileReference; lastKnownFileType = sourcecode.c.objc; path = RSAppDelegate.m; sourceTree = "<group>"; };
		0A0287B1195D48D000F24C88 /* Images.xcassets */ = {isa = PBXFileReference; lastKnownFileType = folder.assetcatalog; path = Images.xcassets; sourceTree = "<group>"; };
		0A0287B7195D48D000F24C88 /* UltraLightTests.xctest */ = {isa = PBXFileReference; explicitFileType = wrapper.cfbundle; includeInIndex = 0; path = UltraLightTests.xctest; sourceTree = BUILT_PRODUCTS_DIR; };
		0A0287B8195D48D000F24C88 /* XCTest.framework */ = {isa = PBXFileReference; lastKnownFileType = wrapper.framework; name = XCTest.framework; path = Library/Frameworks/XCTest.framework; sourceTree = DEVELOPER_DIR; };
		0A0287C0195D48D000F24C88 /* UltraLightTests-Info.plist */ = {isa = PBXFileReference; lastKnownFileType = text.plist.xml; path = "UltraLightTests-Info.plist"; sourceTree = "<group>"; };
		0A0287C2195D48D000F24C88 /* en */ = {isa = PBXFileReference; lastKnownFileType = text.plist.strings; name = en; path = en.lproj/InfoPlist.strings; sourceTree = "<group>"; };
		0A0287C4195D48D000F24C88 /* UltraLightTests.m */ = {isa = PBXFileReference; lastKnownFileType = sourcecode.c.objc; path = UltraLightTests.m; sourceTree = "<group>"; };
		0A0287DC195D498F00F24C88 /* RSContact.h */ = {isa = PBXFileReference; fileEncoding = 4; lastKnownFileType = sourcecode.c.h; path = RSContact.h; sourceTree = "<group>"; };
		0A0287DD195D498F00F24C88 /* RSContact.m */ = {isa = PBXFileReference; fileEncoding = 4; lastKnownFileType = sourcecode.c.objc; path = RSContact.m; sourceTree = "<group>"; };
		0A0287DF195D498F00F24C88 /* RSContactsViewController.h */ = {isa = PBXFileReference; fileEncoding = 4; lastKnownFileType = sourcecode.c.h; path = RSContactsViewController.h; sourceTree = "<group>"; };
		0A0287E0195D498F00F24C88 /* RSContactsViewController.m */ = {isa = PBXFileReference; fileEncoding = 4; lastKnownFileType = sourcecode.c.objc; path = RSContactsViewController.m; sourceTree = "<group>"; };
		0A0287E1195D498F00F24C88 /* RSContactsViewController.xib */ = {isa = PBXFileReference; fileEncoding = 4; lastKnownFileType = file.xib; path = RSContactsViewController.xib; sourceTree = "<group>"; };
		0A0287E3195D498F00F24C88 /* RSContactTableViewCell.h */ = {isa = PBXFileReference; fileEncoding = 4; lastKnownFileType = sourcecode.c.h; path = RSContactTableViewCell.h; sourceTree = "<group>"; };
		0A0287E4195D498F00F24C88 /* RSContactTableViewCell.m */ = {isa = PBXFileReference; fileEncoding = 4; lastKnownFileType = sourcecode.c.objc; path = RSContactTableViewCell.m; sourceTree = "<group>"; };
		0A0287E5195D498F00F24C88 /* RSContactTableViewCell.xib */ = {isa = PBXFileReference; fileEncoding = 4; lastKnownFileType = file.xib; path = RSContactTableViewCell.xib; sourceTree = "<group>"; };
		0A0287ED195D4C1E00F24C88 /* call_button.png */ = {isa = PBXFileReference; lastKnownFileType = image.png; path = call_button.png; sourceTree = "<group>"; };
		0A0287EE195D4C1E00F24C88 /* call_button@2x.png */ = {isa = PBXFileReference; lastKnownFileType = image.png; path = "call_button@2x.png"; sourceTree = "<group>"; };
		0A0287F2195D4F4600F24C88 /* RSArrayDataSource.h */ = {isa = PBXFileReference; fileEncoding = 4; lastKnownFileType = sourcecode.c.h; path = RSArrayDataSource.h; sourceTree = "<group>"; };
		0A0287F3195D4F4600F24C88 /* RSArrayDataSource.m */ = {isa = PBXFileReference; fileEncoding = 4; lastKnownFileType = sourcecode.c.objc; path = RSArrayDataSource.m; sourceTree = "<group>"; };
		0A0287F5195D6CD500F24C88 /* hair.jpg */ = {isa = PBXFileReference; lastKnownFileType = image.jpeg; path = hair.jpg; sourceTree = "<group>"; };
		0A0287F6195D6CD500F24C88 /* hipster.jpg */ = {isa = PBXFileReference; lastKnownFileType = image.jpeg; path = hipster.jpg; sourceTree = "<group>"; };
		0A0287F7195D6CD500F24C88 /* lego.jpg */ = {isa = PBXFileReference; lastKnownFileType = image.jpeg; path = lego.jpg; sourceTree = "<group>"; };
		0A0287F8195D6CD500F24C88 /* ric.jpg */ = {isa = PBXFileReference; lastKnownFileType = image.jpeg; path = ric.jpg; sourceTree = "<group>"; };
		0A0287FD195D6D1400F24C88 /* RSContactTableViewCell+Configure.h */ = {isa = PBXFileReference; fileEncoding = 4; lastKnownFileType = sourcecode.c.h; name = "RSContactTableViewCell+Configure.h"; path = "UltraLight/RSContactTableViewCell+Configure.h"; sourceTree = SOURCE_ROOT; };
		0A0287FE195D6D1400F24C88 /* RSContactTableViewCell+Configure.m */ = {isa = PBXFileReference; fileEncoding = 4; lastKnownFileType = sourcecode.c.objc; name = "RSContactTableViewCell+Configure.m"; path = "UltraLight/RSContactTableViewCell+Configure.m"; sourceTree = SOURCE_ROOT; };
		0A028800195D7EB300F24C88 /* profile_placeholder.png */ = {isa = PBXFileReference; lastKnownFileType = image.png; path = profile_placeholder.png; sourceTree = "<group>"; };
		0A028801195D7EB300F24C88 /* profile_placeholder@2x.png */ = {isa = PBXFileReference; lastKnownFileType = image.png; path = "profile_placeholder@2x.png"; sourceTree = "<group>"; };
		0A028804195D7F1000F24C88 /* RSBackendStore.h */ = {isa = PBXFileReference; fileEncoding = 4; lastKnownFileType = sourcecode.c.h; path = RSBackendStore.h; sourceTree = "<group>"; };
		0A028805195D7F1000F24C88 /* RSBackendStore.m */ = {isa = PBXFileReference; fileEncoding = 4; lastKnownFileType = sourcecode.c.objc; path = RSBackendStore.m; sourceTree = "<group>"; };
/* End PBXFileReference section */

/* Begin PBXFrameworksBuildPhase section */
		0A028799195D48CF00F24C88 /* Frameworks */ = {
			isa = PBXFrameworksBuildPhase;
			buildActionMask = 2147483647;
			files = (
				0A0287A2195D48D000F24C88 /* CoreGraphics.framework in Frameworks */,
				0A0287A4195D48D000F24C88 /* UIKit.framework in Frameworks */,
				0A0287A0195D48D000F24C88 /* Foundation.framework in Frameworks */,
			);
			runOnlyForDeploymentPostprocessing = 0;
		};
		0A0287B4195D48D000F24C88 /* Frameworks */ = {
			isa = PBXFrameworksBuildPhase;
			buildActionMask = 2147483647;
			files = (
				0A0287B9195D48D000F24C88 /* XCTest.framework in Frameworks */,
				0A0287BB195D48D000F24C88 /* UIKit.framework in Frameworks */,
				0A0287BA195D48D000F24C88 /* Foundation.framework in Frameworks */,
			);
			runOnlyForDeploymentPostprocessing = 0;
		};
/* End PBXFrameworksBuildPhase section */

/* Begin PBXGroup section */
		0A028793195D48CF00F24C88 = {
			isa = PBXGroup;
			children = (
				0A0287A5195D48D000F24C88 /* UltraLight */,
				0A0287BE195D48D000F24C88 /* UltraLightTests */,
				0A02879E195D48CF00F24C88 /* Frameworks */,
				0A02879D195D48CF00F24C88 /* Products */,
			);
			sourceTree = "<group>";
		};
		0A02879D195D48CF00F24C88 /* Products */ = {
			isa = PBXGroup;
			children = (
				0A02879C195D48CF00F24C88 /* UltraLight.app */,
				0A0287B7195D48D000F24C88 /* UltraLightTests.xctest */,
			);
			name = Products;
			sourceTree = "<group>";
		};
		0A02879E195D48CF00F24C88 /* Frameworks */ = {
			isa = PBXGroup;
			children = (
				0A02879F195D48CF00F24C88 /* Foundation.framework */,
				0A0287A1195D48D000F24C88 /* CoreGraphics.framework */,
				0A0287A3195D48D000F24C88 /* UIKit.framework */,
				0A0287B8195D48D000F24C88 /* XCTest.framework */,
			);
			name = Frameworks;
			sourceTree = "<group>";
		};
		0A0287A5195D48D000F24C88 /* UltraLight */ = {
			isa = PBXGroup;
			children = (
				0A0287EB195D4C1E00F24C88 /* Resources */,
				0A0287DB195D498F00F24C88 /* Model */,
				0A0287DE195D498F00F24C88 /* ViewControllers */,
				0A0287E2195D498F00F24C88 /* Views */,
				0A0287AE195D48D000F24C88 /* RSAppDelegate.h */,
				0A0287AF195D48D000F24C88 /* RSAppDelegate.m */,
				0A0287B1195D48D000F24C88 /* Images.xcassets */,
				0A0287A6195D48D000F24C88 /* Supporting Files */,
				0A0287F2195D4F4600F24C88 /* RSArrayDataSource.h */,
				0A0287F3195D4F4600F24C88 /* RSArrayDataSource.m */,
			);
			path = UltraLight;
			sourceTree = "<group>";
		};
		0A0287A6195D48D000F24C88 /* Supporting Files */ = {
			isa = PBXGroup;
			children = (
				0A0287A7195D48D000F24C88 /* UltraLight-Info.plist */,
				0A0287A8195D48D000F24C88 /* InfoPlist.strings */,
				0A0287AB195D48D000F24C88 /* main.m */,
				0A0287AD195D48D000F24C88 /* UltraLight-Prefix.pch */,
			);
			name = "Supporting Files";
			sourceTree = "<group>";
		};
		0A0287BE195D48D000F24C88 /* UltraLightTests */ = {
			isa = PBXGroup;
			children = (
				0A0287C4195D48D000F24C88 /* UltraLightTests.m */,
				0A0287BF195D48D000F24C88 /* Supporting Files */,
			);
			path = UltraLightTests;
			sourceTree = "<group>";
		};
		0A0287BF195D48D000F24C88 /* Supporting Files */ = {
			isa = PBXGroup;
			children = (
				0A0287C0195D48D000F24C88 /* UltraLightTests-Info.plist */,
				0A0287C1195D48D000F24C88 /* InfoPlist.strings */,
			);
			name = "Supporting Files";
			sourceTree = "<group>";
		};
		0A0287DB195D498F00F24C88 /* Model */ = {
			isa = PBXGroup;
			children = (
				0A0287DC195D498F00F24C88 /* RSContact.h */,
				0A0287DD195D498F00F24C88 /* RSContact.m */,
				0A028804195D7F1000F24C88 /* RSBackendStore.h */,
				0A028805195D7F1000F24C88 /* RSBackendStore.m */,
			);
			path = Model;
			sourceTree = "<group>";
		};
		0A0287DE195D498F00F24C88 /* ViewControllers */ = {
			isa = PBXGroup;
			children = (
				0A0287DF195D498F00F24C88 /* RSContactsViewController.h */,
				0A0287E0195D498F00F24C88 /* RSContactsViewController.m */,
				0A0287E1195D498F00F24C88 /* RSContactsViewController.xib */,
			);
			path = ViewControllers;
			sourceTree = "<group>";
		};
		0A0287E2195D498F00F24C88 /* Views */ = {
			isa = PBXGroup;
			children = (
				0A0287E3195D498F00F24C88 /* RSContactTableViewCell.h */,
				0A0287E4195D498F00F24C88 /* RSContactTableViewCell.m */,
				0A0287E5195D498F00F24C88 /* RSContactTableViewCell.xib */,
				0A0287FD195D6D1400F24C88 /* RSContactTableViewCell+Configure.h */,
				0A0287FE195D6D1400F24C88 /* RSContactTableViewCell+Configure.m */,
			);
			path = Views;
			sourceTree = "<group>";
		};
		0A0287EB195D4C1E00F24C88 /* Resources */ = {
			isa = PBXGroup;
			children = (
				0A0287EC195D4C1E00F24C88 /* Images */,
			);
			path = Resources;
			sourceTree = "<group>";
		};
		0A0287EC195D4C1E00F24C88 /* Images */ = {
			isa = PBXGroup;
			children = (
				0A028800195D7EB300F24C88 /* profile_placeholder.png */,
				0A028801195D7EB300F24C88 /* profile_placeholder@2x.png */,
				0A0287F5195D6CD500F24C88 /* hair.jpg */,
				0A0287F6195D6CD500F24C88 /* hipster.jpg */,
				0A0287F7195D6CD500F24C88 /* lego.jpg */,
				0A0287F8195D6CD500F24C88 /* ric.jpg */,
				0A0287ED195D4C1E00F24C88 /* call_button.png */,
				0A0287EE195D4C1E00F24C88 /* call_button@2x.png */,
			);
			path = Images;
			sourceTree = "<group>";
		};
/* End PBXGroup section */

/* Begin PBXNativeTarget section */
		0A02879B195D48CF00F24C88 /* UltraLight */ = {
			isa = PBXNativeTarget;
			buildConfigurationList = 0A0287C8195D48D000F24C88 /* Build configuration list for PBXNativeTarget "UltraLight" */;
			buildPhases = (
				0A028798195D48CF00F24C88 /* Sources */,
				0A028799195D48CF00F24C88 /* Frameworks */,
				0A02879A195D48CF00F24C88 /* Resources */,
			);
			buildRules = (
			);
			dependencies = (
			);
			name = UltraLight;
			productName = UltraLight;
			productReference = 0A02879C195D48CF00F24C88 /* UltraLight.app */;
			productType = "com.apple.product-type.application";
		};
		0A0287B6195D48D000F24C88 /* UltraLightTests */ = {
			isa = PBXNativeTarget;
			buildConfigurationList = 0A0287CB195D48D000F24C88 /* Build configuration list for PBXNativeTarget "UltraLightTests" */;
			buildPhases = (
				0A0287B3195D48D000F24C88 /* Sources */,
				0A0287B4195D48D000F24C88 /* Frameworks */,
				0A0287B5195D48D000F24C88 /* Resources */,
			);
			buildRules = (
			);
			dependencies = (
				0A0287BD195D48D000F24C88 /* PBXTargetDependency */,
			);
			name = UltraLightTests;
			productName = UltraLightTests;
			productReference = 0A0287B7195D48D000F24C88 /* UltraLightTests.xctest */;
			productType = "com.apple.product-type.bundle.unit-test";
		};
/* End PBXNativeTarget section */

/* Begin PBXProject section */
		0A028794195D48CF00F24C88 /* Project object */ = {
			isa = PBXProject;
			attributes = {
				CLASSPREFIX = RS;
				LastUpgradeCheck = 0510;
				ORGANIZATIONNAME = "Ramsundar Shandilya";
				TargetAttributes = {
					0A0287B6195D48D000F24C88 = {
						TestTargetID = 0A02879B195D48CF00F24C88;
					};
				};
			};
			buildConfigurationList = 0A028797195D48CF00F24C88 /* Build configuration list for PBXProject "UltraLight" */;
			compatibilityVersion = "Xcode 3.2";
			developmentRegion = English;
			hasScannedForEncodings = 0;
			knownRegions = (
				en,
			);
			mainGroup = 0A028793195D48CF00F24C88;
			productRefGroup = 0A02879D195D48CF00F24C88 /* Products */;
			projectDirPath = "";
			projectRoot = "";
			targets = (
				0A02879B195D48CF00F24C88 /* UltraLight */,
				0A0287B6195D48D000F24C88 /* UltraLightTests */,
			);
		};
/* End PBXProject section */

/* Begin PBXResourcesBuildPhase section */
		0A02879A195D48CF00F24C88 /* Resources */ = {
			isa = PBXResourcesBuildPhase;
			buildActionMask = 2147483647;
			files = (
				0A0287F0195D4C1E00F24C88 /* call_button@2x.png in Resources */,
				0A0287FA195D6CD500F24C88 /* hipster.jpg in Resources */,
				0A0287EF195D4C1E00F24C88 /* call_button.png in Resources */,
				0A0287F9195D6CD500F24C88 /* hair.jpg in Resources */,
				0A0287FB195D6CD500F24C88 /* lego.jpg in Resources */,
				0A0287AA195D48D000F24C88 /* InfoPlist.strings in Resources */,
				0A028803195D7EB300F24C88 /* profile_placeholder@2x.png in Resources */,
				0A0287FC195D6CD500F24C88 /* ric.jpg in Resources */,
				0A0287E8195D498F00F24C88 /* RSContactsViewController.xib in Resources */,
				0A0287B2195D48D000F24C88 /* Images.xcassets in Resources */,
				0A028802195D7EB300F24C88 /* profile_placeholder.png in Resources */,
				0A0287EA195D498F00F24C88 /* RSContactTableViewCell.xib in Resources */,
			);
			runOnlyForDeploymentPostprocessing = 0;
		};
		0A0287B5195D48D000F24C88 /* Resources */ = {
			isa = PBXResourcesBuildPhase;
			buildActionMask = 2147483647;
			files = (
				0A0287C3195D48D000F24C88 /* InfoPlist.strings in Resources */,
			);
			runOnlyForDeploymentPostprocessing = 0;
		};
/* End PBXResourcesBuildPhase section */

/* Begin PBXSourcesBuildPhase section */
		0A028798195D48CF00F24C88 /* Sources */ = {
			isa = PBXSourcesBuildPhase;
			buildActionMask = 2147483647;
			files = (
				0A0287E7195D498F00F24C88 /* RSContactsViewController.m in Sources */,
				0A0287E9195D498F00F24C88 /* RSContactTableViewCell.m in Sources */,
				0A0287AC195D48D000F24C88 /* main.m in Sources */,
				0A0287F4195D4F4600F24C88 /* RSArrayDataSource.m in Sources */,
				0A0287E6195D498F00F24C88 /* RSContact.m in Sources */,
				0A028806195D7F1000F24C88 /* RSBackendStore.m in Sources */,
				0A0287FF195D6D1400F24C88 /* RSContactTableViewCell+Configure.m in Sources */,
				0A0287B0195D48D000F24C88 /* RSAppDelegate.m in Sources */,
			);
			runOnlyForDeploymentPostprocessing = 0;
		};
		0A0287B3195D48D000F24C88 /* Sources */ = {
			isa = PBXSourcesBuildPhase;
			buildActionMask = 2147483647;
			files = (
				0A0287C5195D48D000F24C88 /* UltraLightTests.m in Sources */,
			);
			runOnlyForDeploymentPostprocessing = 0;
		};
/* End PBXSourcesBuildPhase section */

/* Begin PBXTargetDependency section */
		0A0287BD195D48D000F24C88 /* PBXTargetDependency */ = {
			isa = PBXTargetDependency;
			target = 0A02879B195D48CF00F24C88 /* UltraLight */;
			targetProxy = 0A0287BC195D48D000F24C88 /* PBXContainerItemProxy */;
		};
/* End PBXTargetDependency section */

/* Begin PBXVariantGroup section */
		0A0287A8195D48D000F24C88 /* InfoPlist.strings */ = {
			isa = PBXVariantGroup;
			children = (
				0A0287A9195D48D000F24C88 /* en */,
			);
			name = InfoPlist.strings;
			sourceTree = "<group>";
		};
		0A0287C1195D48D000F24C88 /* InfoPlist.strings */ = {
			isa = PBXVariantGroup;
			children = (
				0A0287C2195D48D000F24C88 /* en */,
			);
			name = InfoPlist.strings;
			sourceTree = "<group>";
		};
/* End PBXVariantGroup section */

/* Begin XCBuildConfiguration section */
		0A0287C6195D48D000F24C88 /* Debug */ = {
			isa = XCBuildConfiguration;
			buildSettings = {
				ALWAYS_SEARCH_USER_PATHS = NO;
				CLANG_CXX_LANGUAGE_STANDARD = "gnu++0x";
				CLANG_CXX_LIBRARY = "libc++";
				CLANG_ENABLE_MODULES = YES;
				CLANG_ENABLE_OBJC_ARC = YES;
				CLANG_WARN_BOOL_CONVERSION = YES;
				CLANG_WARN_CONSTANT_CONVERSION = YES;
				CLANG_WARN_DIRECT_OBJC_ISA_USAGE = YES_ERROR;
				CLANG_WARN_EMPTY_BODY = YES;
				CLANG_WARN_ENUM_CONVERSION = YES;
				CLANG_WARN_INT_CONVERSION = YES;
				CLANG_WARN_OBJC_ROOT_CLASS = YES_ERROR;
				CLANG_WARN__DUPLICATE_METHOD_MATCH = YES;
				"CODE_SIGN_IDENTITY[sdk=iphoneos*]" = "iPhone Developer";
				COPY_PHASE_STRIP = NO;
				GCC_C_LANGUAGE_STANDARD = gnu99;
				GCC_DYNAMIC_NO_PIC = NO;
				GCC_OPTIMIZATION_LEVEL = 0;
				GCC_PREPROCESSOR_DEFINITIONS = (
					"DEBUG=1",
					"$(inherited)",
				);
				GCC_SYMBOLS_PRIVATE_EXTERN = NO;
				GCC_WARN_64_TO_32_BIT_CONVERSION = YES;
				GCC_WARN_ABOUT_RETURN_TYPE = YES_ERROR;
				GCC_WARN_UNDECLARED_SELECTOR = YES;
				GCC_WARN_UNINITIALIZED_AUTOS = YES_AGGRESSIVE;
				GCC_WARN_UNUSED_FUNCTION = YES;
				GCC_WARN_UNUSED_VARIABLE = YES;
				IPHONEOS_DEPLOYMENT_TARGET = 7.1;
				ONLY_ACTIVE_ARCH = YES;
				SDKROOT = iphoneos;
			};
			name = Debug;
		};
		0A0287C7195D48D000F24C88 /* Release */ = {
			isa = XCBuildConfiguration;
			buildSettings = {
				ALWAYS_SEARCH_USER_PATHS = NO;
				CLANG_CXX_LANGUAGE_STANDARD = "gnu++0x";
				CLANG_CXX_LIBRARY = "libc++";
				CLANG_ENABLE_MODULES = YES;
				CLANG_ENABLE_OBJC_ARC = YES;
				CLANG_WARN_BOOL_CONVERSION = YES;
				CLANG_WARN_CONSTANT_CONVERSION = YES;
				CLANG_WARN_DIRECT_OBJC_ISA_USAGE = YES_ERROR;
				CLANG_WARN_EMPTY_BODY = YES;
				CLANG_WARN_ENUM_CONVERSION = YES;
				CLANG_WARN_INT_CONVERSION = YES;
				CLANG_WARN_OBJC_ROOT_CLASS = YES_ERROR;
				CLANG_WARN__DUPLICATE_METHOD_MATCH = YES;
				"CODE_SIGN_IDENTITY[sdk=iphoneos*]" = "iPhone Developer";
				COPY_PHASE_STRIP = YES;
				ENABLE_NS_ASSERTIONS = NO;
				GCC_C_LANGUAGE_STANDARD = gnu99;
				GCC_WARN_64_TO_32_BIT_CONVERSION = YES;
				GCC_WARN_ABOUT_RETURN_TYPE = YES_ERROR;
				GCC_WARN_UNDECLARED_SELECTOR = YES;
				GCC_WARN_UNINITIALIZED_AUTOS = YES_AGGRESSIVE;
				GCC_WARN_UNUSED_FUNCTION = YES;
				GCC_WARN_UNUSED_VARIABLE = YES;
				IPHONEOS_DEPLOYMENT_TARGET = 7.1;
				SDKROOT = iphoneos;
				VALIDATE_PRODUCT = YES;
			};
			name = Release;
		};
		0A0287C9195D48D000F24C88 /* Debug */ = {
			isa = XCBuildConfiguration;
			buildSettings = {
				ASSETCATALOG_COMPILER_APPICON_NAME = AppIcon;
				ASSETCATALOG_COMPILER_LAUNCHIMAGE_NAME = LaunchImage;
				GCC_PRECOMPILE_PREFIX_HEADER = YES;
				GCC_PREFIX_HEADER = "UltraLight/UltraLight-Prefix.pch";
				INFOPLIST_FILE = "UltraLight/UltraLight-Info.plist";
				PRODUCT_NAME = "$(TARGET_NAME)";
				WRAPPER_EXTENSION = app;
			};
			name = Debug;
		};
		0A0287CA195D48D000F24C88 /* Release */ = {
			isa = XCBuildConfiguration;
			buildSettings = {
				ASSETCATALOG_COMPILER_APPICON_NAME = AppIcon;
				ASSETCATALOG_COMPILER_LAUNCHIMAGE_NAME = LaunchImage;
				GCC_PRECOMPILE_PREFIX_HEADER = YES;
				GCC_PREFIX_HEADER = "UltraLight/UltraLight-Prefix.pch";
				INFOPLIST_FILE = "UltraLight/UltraLight-Info.plist";
				PRODUCT_NAME = "$(TARGET_NAME)";
				WRAPPER_EXTENSION = app;
			};
			name = Release;
		};
		0A0287CC195D48D000F24C88 /* Debug */ = {
			isa = XCBuildConfiguration;
			buildSettings = {
				BUNDLE_LOADER = "$(BUILT_PRODUCTS_DIR)/UltraLight.app/UltraLight";
				FRAMEWORK_SEARCH_PATHS = (
					"$(SDKROOT)/Developer/Library/Frameworks",
					"$(inherited)",
					"$(DEVELOPER_FRAMEWORKS_DIR)",
				);
				GCC_PRECOMPILE_PREFIX_HEADER = YES;
				GCC_PREFIX_HEADER = "UltraLight/UltraLight-Prefix.pch";
				GCC_PREPROCESSOR_DEFINITIONS = (
					"DEBUG=1",
					"$(inherited)",
				);
				INFOPLIST_FILE = "UltraLightTests/UltraLightTests-Info.plist";
				PRODUCT_NAME = "$(TARGET_NAME)";
				TEST_HOST = "$(BUNDLE_LOADER)";
				WRAPPER_EXTENSION = xctest;
			};
			name = Debug;
		};
		0A0287CD195D48D000F24C88 /* Release */ = {
			isa = XCBuildConfiguration;
			buildSettings = {
				BUNDLE_LOADER = "$(BUILT_PRODUCTS_DIR)/UltraLight.app/UltraLight";
				FRAMEWORK_SEARCH_PATHS = (
					"$(SDKROOT)/Developer/Library/Frameworks",
					"$(inherited)",
					"$(DEVELOPER_FRAMEWORKS_DIR)",
				);
				GCC_PRECOMPILE_PREFIX_HEADER = YES;
				GCC_PREFIX_HEADER = "UltraLight/UltraLight-Prefix.pch";
				INFOPLIST_FILE = "UltraLightTests/UltraLightTests-Info.plist";
				PRODUCT_NAME = "$(TARGET_NAME)";
				TEST_HOST = "$(BUNDLE_LOADER)";
				WRAPPER_EXTENSION = xctest;
			};
			name = Release;
		};
/* End XCBuildConfiguration section */

/* Begin XCConfigurationList section */
		0A028797195D48CF00F24C88 /* Build configuration list for PBXProject "UltraLight" */ = {
			isa = XCConfigurationList;
			buildConfigurations = (
				0A0287C6195D48D000F24C88 /* Debug */,
				0A0287C7195D48D000F24C88 /* Release */,
			);
			defaultConfigurationIsVisible = 0;
			defaultConfigurationName = Release;
		};
		0A0287C8195D48D000F24C88 /* Build configuration list for PBXNativeTarget "UltraLight" */ = {
			isa = XCConfigurationList;
			buildConfigurations = (
				0A0287C9195D48D000F24C88 /* Debug */,
				0A0287CA195D48D000F24C88 /* Release */,
			);
			defaultConfigurationIsVisible = 0;
		};
		0A0287CB195D48D000F24C88 /* Build configuration list for PBXNativeTarget "UltraLightTests" */ = {
			isa = XCConfigurationList;
			buildConfigurations = (
				0A0287CC195D48D000F24C88 /* Debug */,
				0A0287CD195D48D000F24C88 /* Release */,
			);
			defaultConfigurationIsVisible = 0;
		};
/* End XCConfigurationList section */
	};
	rootObject = 0A028794195D48CF00F24C88 /* Project object */;
}
