// !$*UTF8*$!
{
	archiveVersion = 1;
	classes = {
	};
	objectVersion = 46;
	objects = {

/* Begin PBXBuildFile section */
		0A57CAAC19669F3800A298BA /* AppDelegate.swift in Sources */ = {isa = PBXBuildFile; fileRef = 0A57CAAB19669F3800A298BA /* AppDelegate.swift */; };
		0A57CAAE19669F3800A298BA /* Images.xcassets in Resources */ = {isa = PBXBuildFile; fileRef = 0A57CAAD19669F3800A298BA /* Images.xcassets */; };
		0A57CABA19669F3800A298BA /* UltraLightTests.swift in Sources */ = {isa = PBXBuildFile; fileRef = 0A57CAB919669F3800A298BA /* UltraLightTests.swift */; };
		0A57CAD619669FB800A298BA /* ContactsViewController.swift in Sources */ = {isa = PBXBuildFile; fileRef = 0A57CAD019669FB800A298BA /* ContactsViewController.swift */; };
		0A57CAD719669FB800A298BA /* ContactsViewController.xib in Resources */ = {isa = PBXBuildFile; fileRef = 0A57CAD119669FB800A298BA /* ContactsViewController.xib */; };
		0A57CAD819669FB800A298BA /* ContactTableViewCell.swift in Sources */ = {isa = PBXBuildFile; fileRef = 0A57CAD319669FB800A298BA /* ContactTableViewCell.swift */; };
		0A57CAD919669FB800A298BA /* ContactTableViewCell.xib in Resources */ = {isa = PBXBuildFile; fileRef = 0A57CAD419669FB800A298BA /* ContactTableViewCell.xib */; };
		0A57CAE21966A1F700A298BA /* Contact.swift in Sources */ = {isa = PBXBuildFile; fileRef = 0A57CAE11966A1F700A298BA /* Contact.swift */; };
		0A57CAE41966A35100A298BA /* BackendStore.swift in Sources */ = {isa = PBXBuildFile; fileRef = 0A57CAE31966A35100A298BA /* BackendStore.swift */; };
		0A57CAEF1966AF4700A298BA /* call_button.png in Resources */ = {isa = PBXBuildFile; fileRef = 0A57CAE71966AF4700A298BA /* call_button.png */; };
		0A57CAF01966AF4700A298BA /* call_button@2x.png in Resources */ = {isa = PBXBuildFile; fileRef = 0A57CAE81966AF4700A298BA /* call_button@2x.png */; };
		0A57CAF11966AF4700A298BA /* hair.jpg in Resources */ = {isa = PBXBuildFile; fileRef = 0A57CAE91966AF4700A298BA /* hair.jpg */; };
		0A57CAF21966AF4700A298BA /* hipster.jpg in Resources */ = {isa = PBXBuildFile; fileRef = 0A57CAEA1966AF4700A298BA /* hipster.jpg */; };
		0A57CAF31966AF4700A298BA /* lego.jpg in Resources */ = {isa = PBXBuildFile; fileRef = 0A57CAEB1966AF4700A298BA /* lego.jpg */; };
		0A57CAF41966AF4700A298BA /* profile_placeholder.png in Resources */ = {isa = PBXBuildFile; fileRef = 0A57CAEC1966AF4700A298BA /* profile_placeholder.png */; };
		0A57CAF51966AF4700A298BA /* profile_placeholder@2x.png in Resources */ = {isa = PBXBuildFile; fileRef = 0A57CAED1966AF4700A298BA /* profile_placeholder@2x.png */; };
		0A57CAF61966AF4700A298BA /* ric.jpg in Resources */ = {isa = PBXBuildFile; fileRef = 0A57CAEE1966AF4700A298BA /* ric.jpg */; };
		0A57CAF81966B01400A298BA /* ArrayDataSource.swift in Sources */ = {isa = PBXBuildFile; fileRef = 0A57CAF71966B01400A298BA /* ArrayDataSource.swift */; };
/* End PBXBuildFile section */

/* Begin PBXContainerItemProxy section */
		0A57CAB419669F3800A298BA /* PBXContainerItemProxy */ = {
			isa = PBXContainerItemProxy;
			containerPortal = 0A57CA9E19669F3800A298BA /* Project object */;
			proxyType = 1;
			remoteGlobalIDString = 0A57CAA519669F3800A298BA;
			remoteInfo = UltraLight;
		};
/* End PBXContainerItemProxy section */

/* Begin PBXFileReference section */
		0A57CAA619669F3800A298BA /* UltraLight.app */ = {isa = PBXFileReference; explicitFileType = wrapper.application; includeInIndex = 0; path = UltraLight.app; sourceTree = BUILT_PRODUCTS_DIR; };
		0A57CAAA19669F3800A298BA /* Info.plist */ = {isa = PBXFileReference; lastKnownFileType = text.plist.xml; path = Info.plist; sourceTree = "<group>"; };
		0A57CAAB19669F3800A298BA /* AppDelegate.swift */ = {isa = PBXFileReference; lastKnownFileType = sourcecode.swift; path = AppDelegate.swift; sourceTree = "<group>"; };
		0A57CAAD19669F3800A298BA /* Images.xcassets */ = {isa = PBXFileReference; lastKnownFileType = folder.assetcatalog; path = Images.xcassets; sourceTree = "<group>"; };
		0A57CAB319669F3800A298BA /* UltraLightTests.xctest */ = {isa = PBXFileReference; explicitFileType = wrapper.cfbundle; includeInIndex = 0; path = UltraLightTests.xctest; sourceTree = BUILT_PRODUCTS_DIR; };
		0A57CAB819669F3800A298BA /* Info.plist */ = {isa = PBXFileReference; lastKnownFileType = text.plist.xml; path = Info.plist; sourceTree = "<group>"; };
		0A57CAB919669F3800A298BA /* UltraLightTests.swift */ = {isa = PBXFileReference; lastKnownFileType = sourcecode.swift; path = UltraLightTests.swift; sourceTree = "<group>"; };
		0A57CAD019669FB800A298BA /* ContactsViewController.swift */ = {isa = PBXFileReference; fileEncoding = 4; lastKnownFileType = sourcecode.swift; path = ContactsViewController.swift; sourceTree = "<group>"; };
		0A57CAD119669FB800A298BA /* ContactsViewController.xib */ = {isa = PBXFileReference; fileEncoding = 4; lastKnownFileType = file.xib; path = ContactsViewController.xib; sourceTree = "<group>"; };
		0A57CAD319669FB800A298BA /* ContactTableViewCell.swift */ = {isa = PBXFileReference; fileEncoding = 4; lastKnownFileType = sourcecode.swift; path = ContactTableViewCell.swift; sourceTree = "<group>"; };
		0A57CAD419669FB800A298BA /* ContactTableViewCell.xib */ = {isa = PBXFileReference; fileEncoding = 4; lastKnownFileType = file.xib; path = ContactTableViewCell.xib; sourceTree = "<group>"; };
		0A57CAE11966A1F700A298BA /* Contact.swift */ = {isa = PBXFileReference; fileEncoding = 4; lastKnownFileType = sourcecode.swift; path = Contact.swift; sourceTree = "<group>"; };
		0A57CAE31966A35100A298BA /* BackendStore.swift */ = {isa = PBXFileReference; fileEncoding = 4; lastKnownFileType = sourcecode.swift; path = BackendStore.swift; sourceTree = "<group>"; };
		0A57CAE71966AF4700A298BA /* call_button.png */ = {isa = PBXFileReference; lastKnownFileType = image.png; path = call_button.png; sourceTree = "<group>"; };
		0A57CAE81966AF4700A298BA /* call_button@2x.png */ = {isa = PBXFileReference; lastKnownFileType = image.png; path = "call_button@2x.png"; sourceTree = "<group>"; };
		0A57CAE91966AF4700A298BA /* hair.jpg */ = {isa = PBXFileReference; lastKnownFileType = image.jpeg; path = hair.jpg; sourceTree = "<group>"; };
		0A57CAEA1966AF4700A298BA /* hipster.jpg */ = {isa = PBXFileReference; lastKnownFileType = image.jpeg; path = hipster.jpg; sourceTree = "<group>"; };
		0A57CAEB1966AF4700A298BA /* lego.jpg */ = {isa = PBXFileReference; lastKnownFileType = image.jpeg; path = lego.jpg; sourceTree = "<group>"; };
		0A57CAEC1966AF4700A298BA /* profile_placeholder.png */ = {isa = PBXFileReference; lastKnownFileType = image.png; path = profile_placeholder.png; sourceTree = "<group>"; };
		0A57CAED1966AF4700A298BA /* profile_placeholder@2x.png */ = {isa = PBXFileReference; lastKnownFileType = image.png; path = "profile_placeholder@2x.png"; sourceTree = "<group>"; };
		0A57CAEE1966AF4700A298BA /* ric.jpg */ = {isa = PBXFileReference; lastKnownFileType = image.jpeg; path = ric.jpg; sourceTree = "<group>"; };
		0A57CAF71966B01400A298BA /* ArrayDataSource.swift */ = {isa = PBXFileReference; fileEncoding = 4; lastKnownFileType = sourcecode.swift; path = ArrayDataSource.swift; sourceTree = "<group>"; };
		0ABE3BA7196BD5DC004EB10E /* MyPlayground.playground */ = {isa = PBXFileReference; lastKnownFileType = file.playground; path = MyPlayground.playground; sourceTree = "<group>"; };
/* End PBXFileReference section */

/* Begin PBXFrameworksBuildPhase section */
		0A57CAA319669F3800A298BA /* Frameworks */ = {
			isa = PBXFrameworksBuildPhase;
			buildActionMask = 2147483647;
			files = (
			);
			runOnlyForDeploymentPostprocessing = 0;
		};
		0A57CAB019669F3800A298BA /* Frameworks */ = {
			isa = PBXFrameworksBuildPhase;
			buildActionMask = 2147483647;
			files = (
			);
			runOnlyForDeploymentPostprocessing = 0;
		};
/* End PBXFrameworksBuildPhase section */

/* Begin PBXGroup section */
		0A57CA9D19669F3800A298BA = {
			isa = PBXGroup;
			children = (
				0A57CAA819669F3800A298BA /* UltraLight */,
				0A57CAB619669F3800A298BA /* UltraLightTests */,
				0A57CAA719669F3800A298BA /* Products */,
			);
			sourceTree = "<group>";
		};
		0A57CAA719669F3800A298BA /* Products */ = {
			isa = PBXGroup;
			children = (
				0A57CAA619669F3800A298BA /* UltraLight.app */,
				0A57CAB319669F3800A298BA /* UltraLightTests.xctest */,
			);
			name = Products;
			sourceTree = "<group>";
		};
		0A57CAA819669F3800A298BA /* UltraLight */ = {
			isa = PBXGroup;
			children = (
				0A57CAAB19669F3800A298BA /* AppDelegate.swift */,
				0A57CAF71966B01400A298BA /* ArrayDataSource.swift */,
				0A57CAAD19669F3800A298BA /* Images.xcassets */,
				0A57CAE01966A1F700A298BA /* Model */,
				0A57CAE51966AF4700A298BA /* Resources */,
				0A57CAA919669F3800A298BA /* Supporting Files */,
				0A57CACF19669FB800A298BA /* ViewControllers */,
				0A57CAD219669FB800A298BA /* Views */,
				0ABE3BA7196BD5DC004EB10E /* MyPlayground.playground */,
			);
			path = UltraLight;
			sourceTree = "<group>";
		};
		0A57CAA919669F3800A298BA /* Supporting Files */ = {
			isa = PBXGroup;
			children = (
				0A57CAAA19669F3800A298BA /* Info.plist */,
			);
			name = "Supporting Files";
			sourceTree = "<group>";
		};
		0A57CAB619669F3800A298BA /* UltraLightTests */ = {
			isa = PBXGroup;
			children = (
				0A57CAB919669F3800A298BA /* UltraLightTests.swift */,
				0A57CAB719669F3800A298BA /* Supporting Files */,
			);
			path = UltraLightTests;
			sourceTree = "<group>";
		};
		0A57CAB719669F3800A298BA /* Supporting Files */ = {
			isa = PBXGroup;
			children = (
				0A57CAB819669F3800A298BA /* Info.plist */,
			);
			name = "Supporting Files";
			sourceTree = "<group>";
		};
		0A57CACF19669FB800A298BA /* ViewControllers */ = {
			isa = PBXGroup;
			children = (
				0A57CAD019669FB800A298BA /* ContactsViewController.swift */,
				0A57CAD119669FB800A298BA /* ContactsViewController.xib */,
			);
			path = ViewControllers;
			sourceTree = "<group>";
		};
		0A57CAD219669FB800A298BA /* Views */ = {
			isa = PBXGroup;
			children = (
				0A57CAD319669FB800A298BA /* ContactTableViewCell.swift */,
				0A57CAD419669FB800A298BA /* ContactTableViewCell.xib */,
			);
			path = Views;
			sourceTree = "<group>";
		};
		0A57CAE01966A1F700A298BA /* Model */ = {
			isa = PBXGroup;
			children = (
				0A57CAE11966A1F700A298BA /* Contact.swift */,
				0A57CAE31966A35100A298BA /* BackendStore.swift */,
			);
			path = Model;
			sourceTree = "<group>";
		};
		0A57CAE51966AF4700A298BA /* Resources */ = {
			isa = PBXGroup;
			children = (
				0A57CAE61966AF4700A298BA /* Images */,
			);
			path = Resources;
			sourceTree = "<group>";
		};
		0A57CAE61966AF4700A298BA /* Images */ = {
			isa = PBXGroup;
			children = (
				0A57CAE71966AF4700A298BA /* call_button.png */,
				0A57CAE81966AF4700A298BA /* call_button@2x.png */,
				0A57CAE91966AF4700A298BA /* hair.jpg */,
				0A57CAEA1966AF4700A298BA /* hipster.jpg */,
				0A57CAEB1966AF4700A298BA /* lego.jpg */,
				0A57CAEC1966AF4700A298BA /* profile_placeholder.png */,
				0A57CAED1966AF4700A298BA /* profile_placeholder@2x.png */,
				0A57CAEE1966AF4700A298BA /* ric.jpg */,
			);
			path = Images;
			sourceTree = "<group>";
		};
/* End PBXGroup section */

/* Begin PBXNativeTarget section */
		0A57CAA519669F3800A298BA /* UltraLight */ = {
			isa = PBXNativeTarget;
			buildConfigurationList = 0A57CABD19669F3800A298BA /* Build configuration list for PBXNativeTarget "UltraLight" */;
			buildPhases = (
				0A57CAA219669F3800A298BA /* Sources */,
				0A57CAA319669F3800A298BA /* Frameworks */,
				0A57CAA419669F3800A298BA /* Resources */,
			);
			buildRules = (
			);
			dependencies = (
			);
			name = UltraLight;
			productName = UltraLight;
			productReference = 0A57CAA619669F3800A298BA /* UltraLight.app */;
			productType = "com.apple.product-type.application";
		};
		0A57CAB219669F3800A298BA /* UltraLightTests */ = {
			isa = PBXNativeTarget;
			buildConfigurationList = 0A57CAC019669F3800A298BA /* Build configuration list for PBXNativeTarget "UltraLightTests" */;
			buildPhases = (
				0A57CAAF19669F3800A298BA /* Sources */,
				0A57CAB019669F3800A298BA /* Frameworks */,
				0A57CAB119669F3800A298BA /* Resources */,
			);
			buildRules = (
			);
			dependencies = (
				0A57CAB519669F3800A298BA /* PBXTargetDependency */,
			);
			name = UltraLightTests;
			productName = UltraLightTests;
			productReference = 0A57CAB319669F3800A298BA /* UltraLightTests.xctest */;
			productType = "com.apple.product-type.bundle.unit-test";
		};
/* End PBXNativeTarget section */

/* Begin PBXProject section */
		0A57CA9E19669F3800A298BA /* Project object */ = {
			isa = PBXProject;
			attributes = {
				LastUpgradeCheck = 0600;
				ORGANIZATIONNAME = "Ramsundar Shandilya";
				TargetAttributes = {
					0A57CAA519669F3800A298BA = {
						CreatedOnToolsVersion = 6.0;
					};
					0A57CAB219669F3800A298BA = {
						CreatedOnToolsVersion = 6.0;
						TestTargetID = 0A57CAA519669F3800A298BA;
					};
				};
			};
			buildConfigurationList = 0A57CAA119669F3800A298BA /* Build configuration list for PBXProject "UltraLight" */;
			compatibilityVersion = "Xcode 3.2";
			developmentRegion = English;
			hasScannedForEncodings = 0;
			knownRegions = (
				en,
			);
			mainGroup = 0A57CA9D19669F3800A298BA;
			productRefGroup = 0A57CAA719669F3800A298BA /* Products */;
			projectDirPath = "";
			projectRoot = "";
			targets = (
				0A57CAA519669F3800A298BA /* UltraLight */,
				0A57CAB219669F3800A298BA /* UltraLightTests */,
			);
		};
/* End PBXProject section */

/* Begin PBXResourcesBuildPhase section */
		0A57CAA419669F3800A298BA /* Resources */ = {
			isa = PBXResourcesBuildPhase;
			buildActionMask = 2147483647;
			files = (
				0A57CAD919669FB800A298BA /* ContactTableViewCell.xib in Resources */,
				0A57CAF11966AF4700A298BA /* hair.jpg in Resources */,
				0A57CAF51966AF4700A298BA /* profile_placeholder@2x.png in Resources */,
				0A57CAEF1966AF4700A298BA /* call_button.png in Resources */,
				0A57CAF41966AF4700A298BA /* profile_placeholder.png in Resources */,
				0A57CAF61966AF4700A298BA /* ric.jpg in Resources */,
				0A57CAF01966AF4700A298BA /* call_button@2x.png in Resources */,
				0A57CAAE19669F3800A298BA /* Images.xcassets in Resources */,
				0A57CAF21966AF4700A298BA /* hipster.jpg in Resources */,
				0A57CAF31966AF4700A298BA /* lego.jpg in Resources */,
				0A57CAD719669FB800A298BA /* ContactsViewController.xib in Resources */,
			);
			runOnlyForDeploymentPostprocessing = 0;
		};
		0A57CAB119669F3800A298BA /* Resources */ = {
			isa = PBXResourcesBuildPhase;
			buildActionMask = 2147483647;
			files = (
			);
			runOnlyForDeploymentPostprocessing = 0;
		};
/* End PBXResourcesBuildPhase section */

/* Begin PBXSourcesBuildPhase section */
		0A57CAA219669F3800A298BA /* Sources */ = {
			isa = PBXSourcesBuildPhase;
			buildActionMask = 2147483647;
			files = (
				0A57CAE21966A1F700A298BA /* Contact.swift in Sources */,
				0A57CAD819669FB800A298BA /* ContactTableViewCell.swift in Sources */,
				0A57CAAC19669F3800A298BA /* AppDelegate.swift in Sources */,
				0A57CAE41966A35100A298BA /* BackendStore.swift in Sources */,
				0A57CAF81966B01400A298BA /* ArrayDataSource.swift in Sources */,
				0A57CAD619669FB800A298BA /* ContactsViewController.swift in Sources */,
			);
			runOnlyForDeploymentPostprocessing = 0;
		};
		0A57CAAF19669F3800A298BA /* Sources */ = {
			isa = PBXSourcesBuildPhase;
			buildActionMask = 2147483647;
			files = (
				0A57CABA19669F3800A298BA /* UltraLightTests.swift in Sources */,
			);
			runOnlyForDeploymentPostprocessing = 0;
		};
/* End PBXSourcesBuildPhase section */

/* Begin PBXTargetDependency section */
		0A57CAB519669F3800A298BA /* PBXTargetDependency */ = {
			isa = PBXTargetDependency;
			target = 0A57CAA519669F3800A298BA /* UltraLight */;
			targetProxy = 0A57CAB419669F3800A298BA /* PBXContainerItemProxy */;
		};
/* End PBXTargetDependency section */

/* Begin XCBuildConfiguration section */
		0A57CABB19669F3800A298BA /* Debug */ = {
			isa = XCBuildConfiguration;
			buildSettings = {
				ALWAYS_SEARCH_USER_PATHS = NO;
				CLANG_CXX_LANGUAGE_STANDARD = "gnu++0x";
				CLANG_CXX_LIBRARY = "libc++";
				CLANG_ENABLE_MODULES = YES;
				CLANG_ENABLE_OBJC_ARC = YES;
				CLANG_WARN_BOOL_CONVERSION = YES;
				CLANG_WARN_CONSTANT_CONVERSION = YES;
				CLANG_WARN_DIRECT_OBJC_ISA_USAGE = YES_ERROR;
				CLANG_WARN_EMPTY_BODY = YES;
				CLANG_WARN_ENUM_CONVERSION = YES;
				CLANG_WARN_INT_CONVERSION = YES;
				CLANG_WARN_OBJC_ROOT_CLASS = YES_ERROR;
				CLANG_WARN_UNREACHABLE_CODE = YES;
				CLANG_WARN__DUPLICATE_METHOD_MATCH = YES;
				"CODE_SIGN_IDENTITY[sdk=iphoneos*]" = "iPhone Developer";
				COPY_PHASE_STRIP = NO;
				ENABLE_STRICT_OBJC_MSGSEND = YES;
				GCC_C_LANGUAGE_STANDARD = gnu99;
				GCC_DYNAMIC_NO_PIC = NO;
				GCC_OPTIMIZATION_LEVEL = 0;
				GCC_PREPROCESSOR_DEFINITIONS = (
					"DEBUG=1",
					"$(inherited)",
				);
				GCC_SYMBOLS_PRIVATE_EXTERN = NO;
				GCC_WARN_64_TO_32_BIT_CONVERSION = YES;
				GCC_WARN_ABOUT_RETURN_TYPE = YES_ERROR;
				GCC_WARN_UNDECLARED_SELECTOR = YES;
				GCC_WARN_UNINITIALIZED_AUTOS = YES_AGGRESSIVE;
				GCC_WARN_UNUSED_FUNCTION = YES;
				GCC_WARN_UNUSED_VARIABLE = YES;
				IPHONEOS_DEPLOYMENT_TARGET = 8.0;
				METAL_ENABLE_DEBUG_INFO = YES;
				ONLY_ACTIVE_ARCH = YES;
				SDKROOT = iphoneos;
				SWIFT_OPTIMIZATION_LEVEL = "-Onone";
			};
			name = Debug;
		};
		0A57CABC19669F3800A298BA /* Release */ = {
			isa = XCBuildConfiguration;
			buildSettings = {
				ALWAYS_SEARCH_USER_PATHS = NO;
				CLANG_CXX_LANGUAGE_STANDARD = "gnu++0x";
				CLANG_CXX_LIBRARY = "libc++";
				CLANG_ENABLE_MODULES = YES;
				CLANG_ENABLE_OBJC_ARC = YES;
				CLANG_WARN_BOOL_CONVERSION = YES;
				CLANG_WARN_CONSTANT_CONVERSION = YES;
				CLANG_WARN_DIRECT_OBJC_ISA_USAGE = YES_ERROR;
				CLANG_WARN_EMPTY_BODY = YES;
				CLANG_WARN_ENUM_CONVERSION = YES;
				CLANG_WARN_INT_CONVERSION = YES;
				CLANG_WARN_OBJC_ROOT_CLASS = YES_ERROR;
				CLANG_WARN_UNREACHABLE_CODE = YES;
				CLANG_WARN__DUPLICATE_METHOD_MATCH = YES;
				"CODE_SIGN_IDENTITY[sdk=iphoneos*]" = "iPhone Developer";
				COPY_PHASE_STRIP = YES;
				ENABLE_NS_ASSERTIONS = NO;
				ENABLE_STRICT_OBJC_MSGSEND = YES;
				GCC_C_LANGUAGE_STANDARD = gnu99;
				GCC_WARN_64_TO_32_BIT_CONVERSION = YES;
				GCC_WARN_ABOUT_RETURN_TYPE = YES_ERROR;
				GCC_WARN_UNDECLARED_SELECTOR = YES;
				GCC_WARN_UNINITIALIZED_AUTOS = YES_AGGRESSIVE;
				GCC_WARN_UNUSED_FUNCTION = YES;
				GCC_WARN_UNUSED_VARIABLE = YES;
				IPHONEOS_DEPLOYMENT_TARGET = 8.0;
				METAL_ENABLE_DEBUG_INFO = NO;
				SDKROOT = iphoneos;
				VALIDATE_PRODUCT = YES;
			};
			name = Release;
		};
		0A57CABE19669F3800A298BA /* Debug */ = {
			isa = XCBuildConfiguration;
			buildSettings = {
				ASSETCATALOG_COMPILER_APPICON_NAME = AppIcon;
				ASSETCATALOG_COMPILER_LAUNCHIMAGE_NAME = LaunchImage;
				INFOPLIST_FILE = UltraLight/Info.plist;
				LD_RUNPATH_SEARCH_PATHS = "$(inherited) @executable_path/Frameworks";
				PRODUCT_NAME = "$(TARGET_NAME)";
			};
			name = Debug;
		};
		0A57CABF19669F3800A298BA /* Release */ = {
			isa = XCBuildConfiguration;
			buildSettings = {
				ASSETCATALOG_COMPILER_APPICON_NAME = AppIcon;
				ASSETCATALOG_COMPILER_LAUNCHIMAGE_NAME = LaunchImage;
				INFOPLIST_FILE = UltraLight/Info.plist;
				LD_RUNPATH_SEARCH_PATHS = "$(inherited) @executable_path/Frameworks";
				PRODUCT_NAME = "$(TARGET_NAME)";
			};
			name = Release;
		};
		0A57CAC119669F3800A298BA /* Debug */ = {
			isa = XCBuildConfiguration;
			buildSettings = {
				BUNDLE_LOADER = "$(BUILT_PRODUCTS_DIR)/UltraLight.app/UltraLight";
				FRAMEWORK_SEARCH_PATHS = (
					"$(SDKROOT)/Developer/Library/Frameworks",
					"$(inherited)",
				);
				GCC_PREPROCESSOR_DEFINITIONS = (
					"DEBUG=1",
					"$(inherited)",
				);
				INFOPLIST_FILE = UltraLightTests/Info.plist;
				LD_RUNPATH_SEARCH_PATHS = "$(inherited) @executable_path/Frameworks @loader_path/Frameworks";
				METAL_ENABLE_DEBUG_INFO = YES;
				PRODUCT_NAME = "$(TARGET_NAME)";
				TEST_HOST = "$(BUNDLE_LOADER)";
			};
			name = Debug;
		};
		0A57CAC219669F3800A298BA /* Release */ = {
			isa = XCBuildConfiguration;
			buildSettings = {
				BUNDLE_LOADER = "$(BUILT_PRODUCTS_DIR)/UltraLight.app/UltraLight";
				FRAMEWORK_SEARCH_PATHS = (
					"$(SDKROOT)/Developer/Library/Frameworks",
					"$(inherited)",
				);
				INFOPLIST_FILE = UltraLightTests/Info.plist;
				LD_RUNPATH_SEARCH_PATHS = "$(inherited) @executable_path/Frameworks @loader_path/Frameworks";
				METAL_ENABLE_DEBUG_INFO = NO;
				PRODUCT_NAME = "$(TARGET_NAME)";
				TEST_HOST = "$(BUNDLE_LOADER)";
			};
			name = Release;
		};
/* End XCBuildConfiguration section */

/* Begin XCConfigurationList section */
		0A57CAA119669F3800A298BA /* Build configuration list for PBXProject "UltraLight" */ = {
			isa = XCConfigurationList;
			buildConfigurations = (
				0A57CABB19669F3800A298BA /* Debug */,
				0A57CABC19669F3800A298BA /* Release */,
			);
			defaultConfigurationIsVisible = 0;
			defaultConfigurationName = Release;
		};
		0A57CABD19669F3800A298BA /* Build configuration list for PBXNativeTarget "UltraLight" */ = {
			isa = XCConfigurationList;
			buildConfigurations = (
				0A57CABE19669F3800A298BA /* Debug */,
				0A57CABF19669F3800A298BA /* Release */,
			);
			defaultConfigurationIsVisible = 0;
			defaultConfigurationName = Release;
		};
		0A57CAC019669F3800A298BA /* Build configuration list for PBXNativeTarget "UltraLightTests" */ = {
			isa = XCConfigurationList;
			buildConfigurations = (
				0A57CAC119669F3800A298BA /* Debug */,
				0A57CAC219669F3800A298BA /* Release */,
			);
			defaultConfigurationIsVisible = 0;
			defaultConfigurationName = Release;
		};
/* End XCConfigurationList section */
	};
	rootObject = 0A57CA9E19669F3800A298BA /* Project object */;
}
